// !$*UTF8*$!
{
	archiveVersion = 1;
	classes = {
	};
	objectVersion = 55;
	objects = {

/* Begin PBXBuildFile section */
		24036E6728A2A2E300F54BBC /* PirateWarApp.swift in Sources */ = {isa = PBXBuildFile; fileRef = 24036E5728A2A2E200F54BBC /* PirateWarApp.swift */; };
		24036E6828A2A2E300F54BBC /* PirateWarApp.swift in Sources */ = {isa = PBXBuildFile; fileRef = 24036E5728A2A2E200F54BBC /* PirateWarApp.swift */; };
		24036E6928A2A2E300F54BBC /* LaunchView.swift in Sources */ = {isa = PBXBuildFile; fileRef = 24036E5828A2A2E200F54BBC /* LaunchView.swift */; };
		24036E6A28A2A2E300F54BBC /* LaunchView.swift in Sources */ = {isa = PBXBuildFile; fileRef = 24036E5828A2A2E200F54BBC /* LaunchView.swift */; };
		24036E6B28A2A2E300F54BBC /* Assets.xcassets in Resources */ = {isa = PBXBuildFile; fileRef = 24036E5928A2A2E300F54BBC /* Assets.xcassets */; };
		24036E6C28A2A2E300F54BBC /* Assets.xcassets in Resources */ = {isa = PBXBuildFile; fileRef = 24036E5928A2A2E300F54BBC /* Assets.xcassets */; };
		24036E8A28A2A57700F54BBC /* pirates.json in Resources */ = {isa = PBXBuildFile; fileRef = 24036E8928A2A57700F54BBC /* pirates.json */; };
		24036E8B28A2A57700F54BBC /* pirates.json in Resources */ = {isa = PBXBuildFile; fileRef = 24036E8928A2A57700F54BBC /* pirates.json */; };
		24036E8E28A2A59E00F54BBC /* Lottie in Frameworks */ = {isa = PBXBuildFile; productRef = 24036E8D28A2A59E00F54BBC /* Lottie */; };
		24036E9128A2A5A800F54BBC /* Lottie in Frameworks */ = {isa = PBXBuildFile; productRef = 24036E9028A2A5A800F54BBC /* Lottie */; };
		24036E9328A2A7FD00F54BBC /* HomeView.swift in Sources */ = {isa = PBXBuildFile; fileRef = 24036E9228A2A7FD00F54BBC /* HomeView.swift */; };
		24036E9428A2A7FD00F54BBC /* HomeView.swift in Sources */ = {isa = PBXBuildFile; fileRef = 24036E9228A2A7FD00F54BBC /* HomeView.swift */; };
		24036E9728A2AE4300F54BBC /* Color.swift in Sources */ = {isa = PBXBuildFile; fileRef = 24036E9628A2AE4300F54BBC /* Color.swift */; };
		24036E9828A2AE4300F54BBC /* Color.swift in Sources */ = {isa = PBXBuildFile; fileRef = 24036E9628A2AE4300F54BBC /* Color.swift */; };
		24036E9A28A2B44F00F54BBC /* LottieView.swift in Sources */ = {isa = PBXBuildFile; fileRef = 24036E9928A2B44F00F54BBC /* LottieView.swift */; };
		24036E9B28A2B44F00F54BBC /* LottieView.swift in Sources */ = {isa = PBXBuildFile; fileRef = 24036E9928A2B44F00F54BBC /* LottieView.swift */; };
		24036EA028A2C21200F54BBC /* PracticeView.swift in Sources */ = {isa = PBXBuildFile; fileRef = 24036E9F28A2C21200F54BBC /* PracticeView.swift */; };
		24036EA328A2C22500F54BBC /* LeaderboardView.swift in Sources */ = {isa = PBXBuildFile; fileRef = 24036EA228A2C22500F54BBC /* LeaderboardView.swift */; };
		24036EA428A2C22500F54BBC /* LeaderboardView.swift in Sources */ = {isa = PBXBuildFile; fileRef = 24036EA228A2C22500F54BBC /* LeaderboardView.swift */; };
		24036EA628A2C23600F54BBC /* SettingsView.swift in Sources */ = {isa = PBXBuildFile; fileRef = 24036EA528A2C23600F54BBC /* SettingsView.swift */; };
		24036EA728A2C23600F54BBC /* SettingsView.swift in Sources */ = {isa = PBXBuildFile; fileRef = 24036EA528A2C23600F54BBC /* SettingsView.swift */; };
		24036EA928A2C25000F54BBC /* HowToPlayView.swift in Sources */ = {isa = PBXBuildFile; fileRef = 24036EA828A2C25000F54BBC /* HowToPlayView.swift */; };
		24036EAA28A2C25000F54BBC /* HowToPlayView.swift in Sources */ = {isa = PBXBuildFile; fileRef = 24036EA828A2C25000F54BBC /* HowToPlayView.swift */; };
		2410CC2728A7A6E700749E53 /* BackgroundManager.swift in Sources */ = {isa = PBXBuildFile; fileRef = 2410CC2628A7A6E700749E53 /* BackgroundManager.swift */; };
		2425349128AF885000C992E1 /* homebackground.mp3 in Resources */ = {isa = PBXBuildFile; fileRef = 2425349028AF885000C992E1 /* homebackground.mp3 */; };
		2425349428AF8B7D00C992E1 /* hit.mp3 in Resources */ = {isa = PBXBuildFile; fileRef = 2425349228AF8B7C00C992E1 /* hit.mp3 */; };
		2425349528AF8B7D00C992E1 /* miss.mp3 in Resources */ = {isa = PBXBuildFile; fileRef = 2425349328AF8B7D00C992E1 /* miss.mp3 */; };
		2425349728AF8D2F00C992E1 /* sunk.mp3 in Resources */ = {isa = PBXBuildFile; fileRef = 2425349628AF8D2F00C992E1 /* sunk.mp3 */; };
		2425349928AFE2D800C992E1 /* victory.mp3 in Resources */ = {isa = PBXBuildFile; fileRef = 2425349828AFE2D800C992E1 /* victory.mp3 */; };
		2425349B28AFE76A00C992E1 /* defeat.mp3 in Resources */ = {isa = PBXBuildFile; fileRef = 2425349A28AFE76A00C992E1 /* defeat.mp3 */; };
		2425349D28AFEC2900C992E1 /* deploy.mp3 in Resources */ = {isa = PBXBuildFile; fileRef = 2425349C28AFEC2900C992E1 /* deploy.mp3 */; };
		2425349F28AFECE000C992E1 /* ocean.mp3 in Resources */ = {isa = PBXBuildFile; fileRef = 2425349E28AFECE000C992E1 /* ocean.mp3 */; };
		242534A128AFFF0700C992E1 /* SoundEffectManager.swift in Sources */ = {isa = PBXBuildFile; fileRef = 242534A028AFFF0700C992E1 /* SoundEffectManager.swift */; };
		242534A428B00F9B00C992E1 /* SequentialAIModel.swift in Sources */ = {isa = PBXBuildFile; fileRef = 242534A328B00F9B00C992E1 /* SequentialAIModel.swift */; };
		242534A628B00FA700C992E1 /* RandomAIModel.swift in Sources */ = {isa = PBXBuildFile; fileRef = 242534A528B00FA700C992E1 /* RandomAIModel.swift */; };
		242534A828B00FCA00C992E1 /* HuntAIModel.swift in Sources */ = {isa = PBXBuildFile; fileRef = 242534A728B00FCA00C992E1 /* HuntAIModel.swift */; };
		242534AA28B01A0C00C992E1 /* AIOceanView.swift in Sources */ = {isa = PBXBuildFile; fileRef = 242534A928B01A0C00C992E1 /* AIOceanView.swift */; };
		242534AC28B01E2100C992E1 /* AIModel.swift in Sources */ = {isa = PBXBuildFile; fileRef = 242534AB28B01E2100C992E1 /* AIModel.swift */; };
		2447A16328A66AEC008CFD49 /* Ocean.swift in Sources */ = {isa = PBXBuildFile; fileRef = 2447A16228A66AEC008CFD49 /* Ocean.swift */; };
		2447A16528A66BDC008CFD49 /* OceanZoneState.swift in Sources */ = {isa = PBXBuildFile; fileRef = 2447A16428A66BDC008CFD49 /* OceanZoneState.swift */; };
		2447A16728A66C04008CFD49 /* Game.swift in Sources */ = {isa = PBXBuildFile; fileRef = 2447A16628A66C04008CFD49 /* Game.swift */; };
		2447A16A28A670E2008CFD49 /* OceanZoneView.swift in Sources */ = {isa = PBXBuildFile; fileRef = 2447A16928A670E2008CFD49 /* OceanZoneView.swift */; };
		2447A16C28A67112008CFD49 /* ToolbarView.swift in Sources */ = {isa = PBXBuildFile; fileRef = 2447A16B28A67112008CFD49 /* ToolbarView.swift */; };
		2447A16E28A6713B008CFD49 /* OceanView.swift in Sources */ = {isa = PBXBuildFile; fileRef = 2447A16D28A6713B008CFD49 /* OceanView.swift */; };
		2447A17028A6C9C3008CFD49 /* StatusView.swift in Sources */ = {isa = PBXBuildFile; fileRef = 2447A16F28A6C9C3008CFD49 /* StatusView.swift */; };
		245538C228AF6E5D002F1E7E /* HumanGameView.swift in Sources */ = {isa = PBXBuildFile; fileRef = 245538C128AF6E5D002F1E7E /* HumanGameView.swift */; };
		247B0B5128ABFDFB00273173 /* DraggableImage.swift in Sources */ = {isa = PBXBuildFile; fileRef = 247B0B5028ABFDFB00273173 /* DraggableImage.swift */; };
		247B0B5428AC9FFE00273173 /* HapticManager.swift in Sources */ = {isa = PBXBuildFile; fileRef = 247B0B5328AC9FFE00273173 /* HapticManager.swift */; };
		247B0B5528AC9FFE00273173 /* HapticManager.swift in Sources */ = {isa = PBXBuildFile; fileRef = 247B0B5328AC9FFE00273173 /* HapticManager.swift */; };
		247B0B5B28ACDD9600273173 /* DeployView.swift in Sources */ = {isa = PBXBuildFile; fileRef = 247B0B5A28ACDD9600273173 /* DeployView.swift */; };
		247B0B5C28ACDD9600273173 /* DeployView.swift in Sources */ = {isa = PBXBuildFile; fileRef = 247B0B5A28ACDD9600273173 /* DeployView.swift */; };
		24B0965828B02AE2002A614F /* HuntParityAIModel.swift in Sources */ = {isa = PBXBuildFile; fileRef = 24B0965728B02AE2002A614F /* HuntParityAIModel.swift */; };
		24C32E4128AE540F00EC14FC /* Location.swift in Sources */ = {isa = PBXBuildFile; fileRef = 24C32E4028AE540F00EC14FC /* Location.swift */; };
		C909E45B28A63FA900DD9282 /* Fleet.swift in Sources */ = {isa = PBXBuildFile; fileRef = C909E45A28A63FA900DD9282 /* Fleet.swift */; };
		C909E45D28A63FFF00DD9282 /* Coordinate.swift in Sources */ = {isa = PBXBuildFile; fileRef = C909E45C28A63FFF00DD9282 /* Coordinate.swift */; };
		C909E45F28A6457E00DD9282 /* Ship.swift in Sources */ = {isa = PBXBuildFile; fileRef = C909E45E28A6457E00DD9282 /* Ship.swift */; };
		C909E46128A645AA00DD9282 /* ShipCompartment.swift in Sources */ = {isa = PBXBuildFile; fileRef = C909E46028A645AA00DD9282 /* ShipCompartment.swift */; };
		C97FA52328AB54430085DFC4 /* DeployOceanView.swift in Sources */ = {isa = PBXBuildFile; fileRef = C97FA52228AB54430085DFC4 /* DeployOceanView.swift */; };
/* End PBXBuildFile section */

/* Begin PBXFileReference section */
		24036E5728A2A2E200F54BBC /* PirateWarApp.swift */ = {isa = PBXFileReference; lastKnownFileType = sourcecode.swift; path = PirateWarApp.swift; sourceTree = "<group>"; };
		24036E5828A2A2E200F54BBC /* LaunchView.swift */ = {isa = PBXFileReference; lastKnownFileType = sourcecode.swift; path = LaunchView.swift; sourceTree = "<group>"; };
		24036E5928A2A2E300F54BBC /* Assets.xcassets */ = {isa = PBXFileReference; lastKnownFileType = folder.assetcatalog; path = Assets.xcassets; sourceTree = "<group>"; };
		24036E5E28A2A2E300F54BBC /* PirateWar.app */ = {isa = PBXFileReference; explicitFileType = wrapper.application; includeInIndex = 0; path = PirateWar.app; sourceTree = BUILT_PRODUCTS_DIR; };
		24036E6428A2A2E300F54BBC /* PirateWar.app */ = {isa = PBXFileReference; explicitFileType = wrapper.application; includeInIndex = 0; path = PirateWar.app; sourceTree = BUILT_PRODUCTS_DIR; };
		24036E6628A2A2E300F54BBC /* macOS.entitlements */ = {isa = PBXFileReference; lastKnownFileType = text.plist.entitlements; path = macOS.entitlements; sourceTree = "<group>"; };
		24036E8928A2A57700F54BBC /* pirates.json */ = {isa = PBXFileReference; fileEncoding = 4; lastKnownFileType = text.json; path = pirates.json; sourceTree = "<group>"; };
		24036E9228A2A7FD00F54BBC /* HomeView.swift */ = {isa = PBXFileReference; lastKnownFileType = sourcecode.swift; path = HomeView.swift; sourceTree = "<group>"; };
		24036E9628A2AE4300F54BBC /* Color.swift */ = {isa = PBXFileReference; lastKnownFileType = sourcecode.swift; path = Color.swift; sourceTree = "<group>"; };
		24036E9928A2B44F00F54BBC /* LottieView.swift */ = {isa = PBXFileReference; lastKnownFileType = sourcecode.swift; path = LottieView.swift; sourceTree = "<group>"; };
		24036E9F28A2C21200F54BBC /* PracticeView.swift */ = {isa = PBXFileReference; lastKnownFileType = sourcecode.swift; path = PracticeView.swift; sourceTree = "<group>"; };
		24036EA228A2C22500F54BBC /* LeaderboardView.swift */ = {isa = PBXFileReference; lastKnownFileType = sourcecode.swift; path = LeaderboardView.swift; sourceTree = "<group>"; };
		24036EA528A2C23600F54BBC /* SettingsView.swift */ = {isa = PBXFileReference; lastKnownFileType = sourcecode.swift; path = SettingsView.swift; sourceTree = "<group>"; };
		24036EA828A2C25000F54BBC /* HowToPlayView.swift */ = {isa = PBXFileReference; lastKnownFileType = sourcecode.swift; path = HowToPlayView.swift; sourceTree = "<group>"; };
		2410CC2628A7A6E700749E53 /* BackgroundManager.swift */ = {isa = PBXFileReference; lastKnownFileType = sourcecode.swift; path = BackgroundManager.swift; sourceTree = "<group>"; };
		2425349028AF885000C992E1 /* homebackground.mp3 */ = {isa = PBXFileReference; lastKnownFileType = audio.mp3; path = homebackground.mp3; sourceTree = "<group>"; };
		2425349228AF8B7C00C992E1 /* hit.mp3 */ = {isa = PBXFileReference; lastKnownFileType = audio.mp3; path = hit.mp3; sourceTree = "<group>"; };
		2425349328AF8B7D00C992E1 /* miss.mp3 */ = {isa = PBXFileReference; lastKnownFileType = audio.mp3; path = miss.mp3; sourceTree = "<group>"; };
		2425349628AF8D2F00C992E1 /* sunk.mp3 */ = {isa = PBXFileReference; lastKnownFileType = audio.mp3; path = sunk.mp3; sourceTree = "<group>"; };
		2425349828AFE2D800C992E1 /* victory.mp3 */ = {isa = PBXFileReference; lastKnownFileType = audio.mp3; path = victory.mp3; sourceTree = "<group>"; };
		2425349A28AFE76A00C992E1 /* defeat.mp3 */ = {isa = PBXFileReference; lastKnownFileType = audio.mp3; path = defeat.mp3; sourceTree = "<group>"; };
		2425349C28AFEC2900C992E1 /* deploy.mp3 */ = {isa = PBXFileReference; lastKnownFileType = audio.mp3; path = deploy.mp3; sourceTree = "<group>"; };
		2425349E28AFECE000C992E1 /* ocean.mp3 */ = {isa = PBXFileReference; lastKnownFileType = audio.mp3; path = ocean.mp3; sourceTree = "<group>"; };
		242534A028AFFF0700C992E1 /* SoundEffectManager.swift */ = {isa = PBXFileReference; lastKnownFileType = sourcecode.swift; path = SoundEffectManager.swift; sourceTree = "<group>"; };
		242534A328B00F9B00C992E1 /* SequentialAIModel.swift */ = {isa = PBXFileReference; lastKnownFileType = sourcecode.swift; path = SequentialAIModel.swift; sourceTree = "<group>"; };
		242534A528B00FA700C992E1 /* RandomAIModel.swift */ = {isa = PBXFileReference; lastKnownFileType = sourcecode.swift; path = RandomAIModel.swift; sourceTree = "<group>"; };
		242534A728B00FCA00C992E1 /* HuntAIModel.swift */ = {isa = PBXFileReference; lastKnownFileType = sourcecode.swift; path = HuntAIModel.swift; sourceTree = "<group>"; };
		242534A928B01A0C00C992E1 /* AIOceanView.swift */ = {isa = PBXFileReference; lastKnownFileType = sourcecode.swift; path = AIOceanView.swift; sourceTree = "<group>"; };
		242534AB28B01E2100C992E1 /* AIModel.swift */ = {isa = PBXFileReference; lastKnownFileType = sourcecode.swift; path = AIModel.swift; sourceTree = "<group>"; };
		2447A16228A66AEC008CFD49 /* Ocean.swift */ = {isa = PBXFileReference; lastKnownFileType = sourcecode.swift; path = Ocean.swift; sourceTree = "<group>"; };
		2447A16428A66BDC008CFD49 /* OceanZoneState.swift */ = {isa = PBXFileReference; lastKnownFileType = sourcecode.swift; path = OceanZoneState.swift; sourceTree = "<group>"; };
		2447A16628A66C04008CFD49 /* Game.swift */ = {isa = PBXFileReference; lastKnownFileType = sourcecode.swift; path = Game.swift; sourceTree = "<group>"; };
		2447A16928A670E2008CFD49 /* OceanZoneView.swift */ = {isa = PBXFileReference; lastKnownFileType = sourcecode.swift; path = OceanZoneView.swift; sourceTree = "<group>"; };
		2447A16B28A67112008CFD49 /* ToolbarView.swift */ = {isa = PBXFileReference; lastKnownFileType = sourcecode.swift; path = ToolbarView.swift; sourceTree = "<group>"; };
		2447A16D28A6713B008CFD49 /* OceanView.swift */ = {isa = PBXFileReference; lastKnownFileType = sourcecode.swift; path = OceanView.swift; sourceTree = "<group>"; };
		2447A16F28A6C9C3008CFD49 /* StatusView.swift */ = {isa = PBXFileReference; lastKnownFileType = sourcecode.swift; path = StatusView.swift; sourceTree = "<group>"; };
		245538C128AF6E5D002F1E7E /* HumanGameView.swift */ = {isa = PBXFileReference; lastKnownFileType = sourcecode.swift; path = HumanGameView.swift; sourceTree = "<group>"; };
		247B0B5028ABFDFB00273173 /* DraggableImage.swift */ = {isa = PBXFileReference; lastKnownFileType = sourcecode.swift; path = DraggableImage.swift; sourceTree = "<group>"; };
		247B0B5328AC9FFE00273173 /* HapticManager.swift */ = {isa = PBXFileReference; lastKnownFileType = sourcecode.swift; path = HapticManager.swift; sourceTree = "<group>"; };
		247B0B5A28ACDD9600273173 /* DeployView.swift */ = {isa = PBXFileReference; lastKnownFileType = sourcecode.swift; path = DeployView.swift; sourceTree = "<group>"; };
		24B0965728B02AE2002A614F /* HuntParityAIModel.swift */ = {isa = PBXFileReference; lastKnownFileType = sourcecode.swift; path = HuntParityAIModel.swift; sourceTree = "<group>"; };
		24C32E4028AE540F00EC14FC /* Location.swift */ = {isa = PBXFileReference; lastKnownFileType = sourcecode.swift; path = Location.swift; sourceTree = "<group>"; };
		C909E45A28A63FA900DD9282 /* Fleet.swift */ = {isa = PBXFileReference; lastKnownFileType = sourcecode.swift; path = Fleet.swift; sourceTree = "<group>"; };
		C909E45C28A63FFF00DD9282 /* Coordinate.swift */ = {isa = PBXFileReference; lastKnownFileType = sourcecode.swift; path = Coordinate.swift; sourceTree = "<group>"; };
		C909E45E28A6457E00DD9282 /* Ship.swift */ = {isa = PBXFileReference; lastKnownFileType = sourcecode.swift; path = Ship.swift; sourceTree = "<group>"; };
		C909E46028A645AA00DD9282 /* ShipCompartment.swift */ = {isa = PBXFileReference; lastKnownFileType = sourcecode.swift; path = ShipCompartment.swift; sourceTree = "<group>"; };
		C97FA52228AB54430085DFC4 /* DeployOceanView.swift */ = {isa = PBXFileReference; lastKnownFileType = sourcecode.swift; path = DeployOceanView.swift; sourceTree = "<group>"; };
/* End PBXFileReference section */

/* Begin PBXFrameworksBuildPhase section */
		24036E5B28A2A2E300F54BBC /* Frameworks */ = {
			isa = PBXFrameworksBuildPhase;
			buildActionMask = 2147483647;
			files = (
				24036E8E28A2A59E00F54BBC /* Lottie in Frameworks */,
			);
			runOnlyForDeploymentPostprocessing = 0;
		};
		24036E6128A2A2E300F54BBC /* Frameworks */ = {
			isa = PBXFrameworksBuildPhase;
			buildActionMask = 2147483647;
			files = (
				24036E9128A2A5A800F54BBC /* Lottie in Frameworks */,
			);
			runOnlyForDeploymentPostprocessing = 0;
		};
/* End PBXFrameworksBuildPhase section */

/* Begin PBXGroup section */
		24036E5128A2A2E200F54BBC = {
			isa = PBXGroup;
			children = (
				24036E5628A2A2E200F54BBC /* Shared */,
				24036E6528A2A2E300F54BBC /* macOS */,
				24036E5F28A2A2E300F54BBC /* Products */,
			);
			sourceTree = "<group>";
		};
		24036E5628A2A2E200F54BBC /* Shared */ = {
			isa = PBXGroup;
			children = (
				24C32E4228AE542600EC14FC /* Utils */,
				2410CC2528A7A5B200749E53 /* Managers */,
				C909E45928A63D0400DD9282 /* Models */,
				24036E9528A2AC7E00F54BBC /* Extensions */,
				24036E8428A2A52200F54BBC /* Components */,
				24036E8328A2A51D00F54BBC /* Views */,
				24036E5728A2A2E200F54BBC /* PirateWarApp.swift */,
				24036E5928A2A2E300F54BBC /* Assets.xcassets */,
			);
			path = Shared;
			sourceTree = "<group>";
		};
		24036E5F28A2A2E300F54BBC /* Products */ = {
			isa = PBXGroup;
			children = (
				24036E5E28A2A2E300F54BBC /* PirateWar.app */,
				24036E6428A2A2E300F54BBC /* PirateWar.app */,
			);
			name = Products;
			sourceTree = "<group>";
		};
		24036E6528A2A2E300F54BBC /* macOS */ = {
			isa = PBXGroup;
			children = (
				24036E6628A2A2E300F54BBC /* macOS.entitlements */,
			);
			path = macOS;
			sourceTree = "<group>";
		};
		24036E8328A2A51D00F54BBC /* Views */ = {
			isa = PBXGroup;
			children = (
				2447A16828A67081008CFD49 /* PlayView */,
				24036E5828A2A2E200F54BBC /* LaunchView.swift */,
				24036E9228A2A7FD00F54BBC /* HomeView.swift */,
				24036EA828A2C25000F54BBC /* HowToPlayView.swift */,
				24036EA228A2C22500F54BBC /* LeaderboardView.swift */,
				24036EA528A2C23600F54BBC /* SettingsView.swift */,
			);
			path = Views;
			sourceTree = "<group>";
		};
		24036E8428A2A52200F54BBC /* Components */ = {
			isa = PBXGroup;
			children = (
				247B0B5928ACDD4D00273173 /* FleetDeploy */,
				247B0B5828ACDD2C00273173 /* Ocean */,
				247B0B5728ACDD0300273173 /* GameStatus */,
				24036E8528A2A54D00F54BBC /* Lottie */,
			);
			path = Components;
			sourceTree = "<group>";
		};
		24036E8528A2A54D00F54BBC /* Lottie */ = {
			isa = PBXGroup;
			children = (
				24036E8928A2A57700F54BBC /* pirates.json */,
				24036E9928A2B44F00F54BBC /* LottieView.swift */,
			);
			path = Lottie;
			sourceTree = "<group>";
		};
		24036E9528A2AC7E00F54BBC /* Extensions */ = {
			isa = PBXGroup;
			children = (
				24036E9628A2AE4300F54BBC /* Color.swift */,
			);
			path = Extensions;
			sourceTree = "<group>";
		};
		2410CC2528A7A5B200749E53 /* Managers */ = {
			isa = PBXGroup;
			children = (
				2425348F28AF883500C992E1 /* Audio */,
				247B0B5328AC9FFE00273173 /* HapticManager.swift */,
			);
			path = Managers;
			sourceTree = "<group>";
		};
		2425348F28AF883500C992E1 /* Audio */ = {
			isa = PBXGroup;
			children = (
				2425349E28AFECE000C992E1 /* ocean.mp3 */,
				2425349C28AFEC2900C992E1 /* deploy.mp3 */,
				2425349A28AFE76A00C992E1 /* defeat.mp3 */,
				2425349828AFE2D800C992E1 /* victory.mp3 */,
				2425349628AF8D2F00C992E1 /* sunk.mp3 */,
				2425349228AF8B7C00C992E1 /* hit.mp3 */,
				2425349328AF8B7D00C992E1 /* miss.mp3 */,
				2425349028AF885000C992E1 /* homebackground.mp3 */,
				2410CC2628A7A6E700749E53 /* BackgroundManager.swift */,
				242534A028AFFF0700C992E1 /* SoundEffectManager.swift */,
			);
			path = Audio;
			sourceTree = "<group>";
		};
		242534AD28B027F700C992E1 /* AI */ = {
			isa = PBXGroup;
			children = (
				242534AB28B01E2100C992E1 /* AIModel.swift */,
				242534A328B00F9B00C992E1 /* SequentialAIModel.swift */,
				242534A528B00FA700C992E1 /* RandomAIModel.swift */,
				242534A728B00FCA00C992E1 /* HuntAIModel.swift */,
				24B0965728B02AE2002A614F /* HuntParityAIModel.swift */,
			);
			path = AI;
			sourceTree = "<group>";
		};
		2447A16828A67081008CFD49 /* PlayView */ = {
			isa = PBXGroup;
			children = (
				24036E9F28A2C21200F54BBC /* PracticeView.swift */,
				247B0B5A28ACDD9600273173 /* DeployView.swift */,
				245538C128AF6E5D002F1E7E /* HumanGameView.swift */,
			);
			path = PlayView;
			sourceTree = "<group>";
		};
		247B0B5728ACDD0300273173 /* GameStatus */ = {
			isa = PBXGroup;
			children = (
				2447A16F28A6C9C3008CFD49 /* StatusView.swift */,
				2447A16B28A67112008CFD49 /* ToolbarView.swift */,
			);
			path = GameStatus;
			sourceTree = "<group>";
		};
		247B0B5828ACDD2C00273173 /* Ocean */ = {
			isa = PBXGroup;
			children = (
				2447A16928A670E2008CFD49 /* OceanZoneView.swift */,
				2447A16D28A6713B008CFD49 /* OceanView.swift */,
				242534A928B01A0C00C992E1 /* AIOceanView.swift */,
			);
			path = Ocean;
			sourceTree = "<group>";
		};
		247B0B5928ACDD4D00273173 /* FleetDeploy */ = {
			isa = PBXGroup;
			children = (
				247B0B5028ABFDFB00273173 /* DraggableImage.swift */,
				C97FA52228AB54430085DFC4 /* DeployOceanView.swift */,
			);
			path = FleetDeploy;
			sourceTree = "<group>";
		};
		24C32E3C28AE36F700EC14FC /* Core */ = {
			isa = PBXGroup;
			children = (
				C909E45A28A63FA900DD9282 /* Fleet.swift */,
				C909E45C28A63FFF00DD9282 /* Coordinate.swift */,
				C909E45E28A6457E00DD9282 /* Ship.swift */,
				C909E46028A645AA00DD9282 /* ShipCompartment.swift */,
				2447A16228A66AEC008CFD49 /* Ocean.swift */,
				2447A16428A66BDC008CFD49 /* OceanZoneState.swift */,
			);
			path = Core;
			sourceTree = "<group>";
		};
		24C32E4228AE542600EC14FC /* Utils */ = {
			isa = PBXGroup;
			children = (
				24C32E4028AE540F00EC14FC /* Location.swift */,
			);
			path = Utils;
			sourceTree = "<group>";
		};
		C909E45928A63D0400DD9282 /* Models */ = {
			isa = PBXGroup;
			children = (
				242534AD28B027F700C992E1 /* AI */,
				24C32E3C28AE36F700EC14FC /* Core */,
				2447A16628A66C04008CFD49 /* Game.swift */,
			);
			path = Models;
			sourceTree = "<group>";
		};
/* End PBXGroup section */

/* Begin PBXNativeTarget section */
		24036E5D28A2A2E300F54BBC /* PirateWar (iOS) */ = {
			isa = PBXNativeTarget;
			buildConfigurationList = 24036E6F28A2A2E300F54BBC /* Build configuration list for PBXNativeTarget "PirateWar (iOS)" */;
			buildPhases = (
				24036E5A28A2A2E300F54BBC /* Sources */,
				24036E5B28A2A2E300F54BBC /* Frameworks */,
				24036E5C28A2A2E300F54BBC /* Resources */,
			);
			buildRules = (
			);
			dependencies = (
			);
			name = "PirateWar (iOS)";
			packageProductDependencies = (
				24036E8D28A2A59E00F54BBC /* Lottie */,
			);
			productName = "PirateWar (iOS)";
			productReference = 24036E5E28A2A2E300F54BBC /* PirateWar.app */;
			productType = "com.apple.product-type.application";
		};
		24036E6328A2A2E300F54BBC /* PirateWar (macOS) */ = {
			isa = PBXNativeTarget;
			buildConfigurationList = 24036E7228A2A2E300F54BBC /* Build configuration list for PBXNativeTarget "PirateWar (macOS)" */;
			buildPhases = (
				24036E6028A2A2E300F54BBC /* Sources */,
				24036E6128A2A2E300F54BBC /* Frameworks */,
				24036E6228A2A2E300F54BBC /* Resources */,
			);
			buildRules = (
			);
			dependencies = (
			);
			name = "PirateWar (macOS)";
			packageProductDependencies = (
				24036E9028A2A5A800F54BBC /* Lottie */,
			);
			productName = "PirateWar (macOS)";
			productReference = 24036E6428A2A2E300F54BBC /* PirateWar.app */;
			productType = "com.apple.product-type.application";
		};
/* End PBXNativeTarget section */

/* Begin PBXProject section */
		24036E5228A2A2E200F54BBC /* Project object */ = {
			isa = PBXProject;
			attributes = {
				BuildIndependentTargetsInParallel = 1;
				LastSwiftUpdateCheck = 1340;
				LastUpgradeCheck = 1340;
				TargetAttributes = {
					24036E5D28A2A2E300F54BBC = {
						CreatedOnToolsVersion = 13.4.1;
					};
					24036E6328A2A2E300F54BBC = {
						CreatedOnToolsVersion = 13.4.1;
					};
				};
			};
			buildConfigurationList = 24036E5528A2A2E200F54BBC /* Build configuration list for PBXProject "PirateWar" */;
			compatibilityVersion = "Xcode 13.0";
			developmentRegion = en;
			hasScannedForEncodings = 0;
			knownRegions = (
				en,
				Base,
			);
			mainGroup = 24036E5128A2A2E200F54BBC;
			packageReferences = (
				24036E8C28A2A59E00F54BBC /* XCRemoteSwiftPackageReference "lottie-ios" */,
				24036E8F28A2A5A800F54BBC /* XCRemoteSwiftPackageReference "lottie-ios" */,
			);
			productRefGroup = 24036E5F28A2A2E300F54BBC /* Products */;
			projectDirPath = "";
			projectRoot = "";
			targets = (
				24036E5D28A2A2E300F54BBC /* PirateWar (iOS) */,
				24036E6328A2A2E300F54BBC /* PirateWar (macOS) */,
			);
		};
/* End PBXProject section */

/* Begin PBXResourcesBuildPhase section */
		24036E5C28A2A2E300F54BBC /* Resources */ = {
			isa = PBXResourcesBuildPhase;
			buildActionMask = 2147483647;
			files = (
				24036E8A28A2A57700F54BBC /* pirates.json in Resources */,
				2425349B28AFE76A00C992E1 /* defeat.mp3 in Resources */,
				2425349528AF8B7D00C992E1 /* miss.mp3 in Resources */,
				24036E6B28A2A2E300F54BBC /* Assets.xcassets in Resources */,
				2425349928AFE2D800C992E1 /* victory.mp3 in Resources */,
				2425349428AF8B7D00C992E1 /* hit.mp3 in Resources */,
				2425349128AF885000C992E1 /* homebackground.mp3 in Resources */,
				2425349F28AFECE000C992E1 /* ocean.mp3 in Resources */,
				2425349D28AFEC2900C992E1 /* deploy.mp3 in Resources */,
				2425349728AF8D2F00C992E1 /* sunk.mp3 in Resources */,
			);
			runOnlyForDeploymentPostprocessing = 0;
		};
		24036E6228A2A2E300F54BBC /* Resources */ = {
			isa = PBXResourcesBuildPhase;
			buildActionMask = 2147483647;
			files = (
				24036E8B28A2A57700F54BBC /* pirates.json in Resources */,
				24036E6C28A2A2E300F54BBC /* Assets.xcassets in Resources */,
			);
			runOnlyForDeploymentPostprocessing = 0;
		};
/* End PBXResourcesBuildPhase section */

/* Begin PBXSourcesBuildPhase section */
		24036E5A28A2A2E300F54BBC /* Sources */ = {
			isa = PBXSourcesBuildPhase;
			buildActionMask = 2147483647;
			files = (
				C909E46128A645AA00DD9282 /* ShipCompartment.swift in Sources */,
				247B0B5428AC9FFE00273173 /* HapticManager.swift in Sources */,
				24036EA328A2C22500F54BBC /* LeaderboardView.swift in Sources */,
				C909E45F28A6457E00DD9282 /* Ship.swift in Sources */,
				24C32E4128AE540F00EC14FC /* Location.swift in Sources */,
				242534A828B00FCA00C992E1 /* HuntAIModel.swift in Sources */,
				24036E6928A2A2E300F54BBC /* LaunchView.swift in Sources */,
				24036EA628A2C23600F54BBC /* SettingsView.swift in Sources */,
				2410CC2728A7A6E700749E53 /* BackgroundManager.swift in Sources */,
				247B0B5B28ACDD9600273173 /* DeployView.swift in Sources */,
				24036E9328A2A7FD00F54BBC /* HomeView.swift in Sources */,
				2447A16328A66AEC008CFD49 /* Ocean.swift in Sources */,
				24B0965828B02AE2002A614F /* HuntParityAIModel.swift in Sources */,
				242534A128AFFF0700C992E1 /* SoundEffectManager.swift in Sources */,
				24036EA028A2C21200F54BBC /* PracticeView.swift in Sources */,
				245538C228AF6E5D002F1E7E /* HumanGameView.swift in Sources */,
				C909E45B28A63FA900DD9282 /* Fleet.swift in Sources */,
				2447A17028A6C9C3008CFD49 /* StatusView.swift in Sources */,
				24036EA928A2C25000F54BBC /* HowToPlayView.swift in Sources */,
				2447A16528A66BDC008CFD49 /* OceanZoneState.swift in Sources */,
				24036E9A28A2B44F00F54BBC /* LottieView.swift in Sources */,
				2447A16728A66C04008CFD49 /* Game.swift in Sources */,
				242534AA28B01A0C00C992E1 /* AIOceanView.swift in Sources */,
				C909E45D28A63FFF00DD9282 /* Coordinate.swift in Sources */,
				2447A16E28A6713B008CFD49 /* OceanView.swift in Sources */,
				242534A628B00FA700C992E1 /* RandomAIModel.swift in Sources */,
				242534AC28B01E2100C992E1 /* AIModel.swift in Sources */,
				242534A428B00F9B00C992E1 /* SequentialAIModel.swift in Sources */,
				2447A16A28A670E2008CFD49 /* OceanZoneView.swift in Sources */,
				247B0B5128ABFDFB00273173 /* DraggableImage.swift in Sources */,
				C97FA52328AB54430085DFC4 /* DeployOceanView.swift in Sources */,
				24036E6728A2A2E300F54BBC /* PirateWarApp.swift in Sources */,
				2447A16C28A67112008CFD49 /* ToolbarView.swift in Sources */,
				24036E9728A2AE4300F54BBC /* Color.swift in Sources */,
			);
			runOnlyForDeploymentPostprocessing = 0;
		};
		24036E6028A2A2E300F54BBC /* Sources */ = {
			isa = PBXSourcesBuildPhase;
			buildActionMask = 2147483647;
			files = (
				24036EA428A2C22500F54BBC /* LeaderboardView.swift in Sources */,
				24036E6A28A2A2E300F54BBC /* LaunchView.swift in Sources */,
				24036EA728A2C23600F54BBC /* SettingsView.swift in Sources */,
				24036E9428A2A7FD00F54BBC /* HomeView.swift in Sources */,
				24036EAA28A2C25000F54BBC /* HowToPlayView.swift in Sources */,
				24036E9B28A2B44F00F54BBC /* LottieView.swift in Sources */,
				247B0B5528AC9FFE00273173 /* HapticManager.swift in Sources */,
				247B0B5C28ACDD9600273173 /* DeployView.swift in Sources */,
				24036E6828A2A2E300F54BBC /* PirateWarApp.swift in Sources */,
				24036E9828A2AE4300F54BBC /* Color.swift in Sources */,
			);
			runOnlyForDeploymentPostprocessing = 0;
		};
/* End PBXSourcesBuildPhase section */

/* Begin XCBuildConfiguration section */
		24036E6D28A2A2E300F54BBC /* Debug */ = {
			isa = XCBuildConfiguration;
			buildSettings = {
				ALWAYS_SEARCH_USER_PATHS = NO;
				CLANG_ANALYZER_NONNULL = YES;
				CLANG_ANALYZER_NUMBER_OBJECT_CONVERSION = YES_AGGRESSIVE;
				CLANG_CXX_LANGUAGE_STANDARD = "gnu++17";
				CLANG_ENABLE_MODULES = YES;
				CLANG_ENABLE_OBJC_ARC = YES;
				CLANG_ENABLE_OBJC_WEAK = YES;
				CLANG_WARN_BLOCK_CAPTURE_AUTORELEASING = YES;
				CLANG_WARN_BOOL_CONVERSION = YES;
				CLANG_WARN_COMMA = YES;
				CLANG_WARN_CONSTANT_CONVERSION = YES;
				CLANG_WARN_DEPRECATED_OBJC_IMPLEMENTATIONS = YES;
				CLANG_WARN_DIRECT_OBJC_ISA_USAGE = YES_ERROR;
				CLANG_WARN_DOCUMENTATION_COMMENTS = YES;
				CLANG_WARN_EMPTY_BODY = YES;
				CLANG_WARN_ENUM_CONVERSION = YES;
				CLANG_WARN_INFINITE_RECURSION = YES;
				CLANG_WARN_INT_CONVERSION = YES;
				CLANG_WARN_NON_LITERAL_NULL_CONVERSION = YES;
				CLANG_WARN_OBJC_IMPLICIT_RETAIN_SELF = YES;
				CLANG_WARN_OBJC_LITERAL_CONVERSION = YES;
				CLANG_WARN_OBJC_ROOT_CLASS = YES_ERROR;
				CLANG_WARN_QUOTED_INCLUDE_IN_FRAMEWORK_HEADER = YES;
				CLANG_WARN_RANGE_LOOP_ANALYSIS = YES;
				CLANG_WARN_STRICT_PROTOTYPES = YES;
				CLANG_WARN_SUSPICIOUS_MOVE = YES;
				CLANG_WARN_UNGUARDED_AVAILABILITY = YES_AGGRESSIVE;
				CLANG_WARN_UNREACHABLE_CODE = YES;
				CLANG_WARN__DUPLICATE_METHOD_MATCH = YES;
				COPY_PHASE_STRIP = NO;
				DEBUG_INFORMATION_FORMAT = dwarf;
				ENABLE_STRICT_OBJC_MSGSEND = YES;
				ENABLE_TESTABILITY = YES;
				GCC_C_LANGUAGE_STANDARD = gnu11;
				GCC_DYNAMIC_NO_PIC = NO;
				GCC_NO_COMMON_BLOCKS = YES;
				GCC_OPTIMIZATION_LEVEL = 0;
				GCC_PREPROCESSOR_DEFINITIONS = (
					"DEBUG=1",
					"$(inherited)",
				);
				GCC_WARN_64_TO_32_BIT_CONVERSION = YES;
				GCC_WARN_ABOUT_RETURN_TYPE = YES_ERROR;
				GCC_WARN_UNDECLARED_SELECTOR = YES;
				GCC_WARN_UNINITIALIZED_AUTOS = YES_AGGRESSIVE;
				GCC_WARN_UNUSED_FUNCTION = YES;
				GCC_WARN_UNUSED_VARIABLE = YES;
				MTL_ENABLE_DEBUG_INFO = INCLUDE_SOURCE;
				MTL_FAST_MATH = YES;
				ONLY_ACTIVE_ARCH = YES;
				SWIFT_ACTIVE_COMPILATION_CONDITIONS = DEBUG;
				SWIFT_OPTIMIZATION_LEVEL = "-Onone";
			};
			name = Debug;
		};
		24036E6E28A2A2E300F54BBC /* Release */ = {
			isa = XCBuildConfiguration;
			buildSettings = {
				ALWAYS_SEARCH_USER_PATHS = NO;
				CLANG_ANALYZER_NONNULL = YES;
				CLANG_ANALYZER_NUMBER_OBJECT_CONVERSION = YES_AGGRESSIVE;
				CLANG_CXX_LANGUAGE_STANDARD = "gnu++17";
				CLANG_ENABLE_MODULES = YES;
				CLANG_ENABLE_OBJC_ARC = YES;
				CLANG_ENABLE_OBJC_WEAK = YES;
				CLANG_WARN_BLOCK_CAPTURE_AUTORELEASING = YES;
				CLANG_WARN_BOOL_CONVERSION = YES;
				CLANG_WARN_COMMA = YES;
				CLANG_WARN_CONSTANT_CONVERSION = YES;
				CLANG_WARN_DEPRECATED_OBJC_IMPLEMENTATIONS = YES;
				CLANG_WARN_DIRECT_OBJC_ISA_USAGE = YES_ERROR;
				CLANG_WARN_DOCUMENTATION_COMMENTS = YES;
				CLANG_WARN_EMPTY_BODY = YES;
				CLANG_WARN_ENUM_CONVERSION = YES;
				CLANG_WARN_INFINITE_RECURSION = YES;
				CLANG_WARN_INT_CONVERSION = YES;
				CLANG_WARN_NON_LITERAL_NULL_CONVERSION = YES;
				CLANG_WARN_OBJC_IMPLICIT_RETAIN_SELF = YES;
				CLANG_WARN_OBJC_LITERAL_CONVERSION = YES;
				CLANG_WARN_OBJC_ROOT_CLASS = YES_ERROR;
				CLANG_WARN_QUOTED_INCLUDE_IN_FRAMEWORK_HEADER = YES;
				CLANG_WARN_RANGE_LOOP_ANALYSIS = YES;
				CLANG_WARN_STRICT_PROTOTYPES = YES;
				CLANG_WARN_SUSPICIOUS_MOVE = YES;
				CLANG_WARN_UNGUARDED_AVAILABILITY = YES_AGGRESSIVE;
				CLANG_WARN_UNREACHABLE_CODE = YES;
				CLANG_WARN__DUPLICATE_METHOD_MATCH = YES;
				COPY_PHASE_STRIP = NO;
				DEBUG_INFORMATION_FORMAT = "dwarf-with-dsym";
				ENABLE_NS_ASSERTIONS = NO;
				ENABLE_STRICT_OBJC_MSGSEND = YES;
				GCC_C_LANGUAGE_STANDARD = gnu11;
				GCC_NO_COMMON_BLOCKS = YES;
				GCC_WARN_64_TO_32_BIT_CONVERSION = YES;
				GCC_WARN_ABOUT_RETURN_TYPE = YES_ERROR;
				GCC_WARN_UNDECLARED_SELECTOR = YES;
				GCC_WARN_UNINITIALIZED_AUTOS = YES_AGGRESSIVE;
				GCC_WARN_UNUSED_FUNCTION = YES;
				GCC_WARN_UNUSED_VARIABLE = YES;
				MTL_ENABLE_DEBUG_INFO = NO;
				MTL_FAST_MATH = YES;
				SWIFT_COMPILATION_MODE = wholemodule;
				SWIFT_OPTIMIZATION_LEVEL = "-O";
			};
			name = Release;
		};
		24036E7028A2A2E300F54BBC /* Debug */ = {
			isa = XCBuildConfiguration;
			buildSettings = {
				ASSETCATALOG_COMPILER_APPICON_NAME = AppIcon;
				ASSETCATALOG_COMPILER_GLOBAL_ACCENT_COLOR_NAME = AccentColor;
				CODE_SIGN_STYLE = Automatic;
				CURRENT_PROJECT_VERSION = 1;
				DEVELOPMENT_TEAM = Q4ZK4P569Q;
				ENABLE_PREVIEWS = YES;
				GENERATE_INFOPLIST_FILE = YES;
				INFOPLIST_KEY_UIApplicationSceneManifest_Generation = YES;
				INFOPLIST_KEY_UIApplicationSupportsIndirectInputEvents = YES;
				INFOPLIST_KEY_UILaunchScreen_Generation = YES;
				INFOPLIST_KEY_UISupportedInterfaceOrientations_iPad = "UIInterfaceOrientationPortrait UIInterfaceOrientationPortraitUpsideDown UIInterfaceOrientationLandscapeLeft UIInterfaceOrientationLandscapeRight";
				INFOPLIST_KEY_UISupportedInterfaceOrientations_iPhone = "UIInterfaceOrientationPortrait UIInterfaceOrientationLandscapeLeft UIInterfaceOrientationLandscapeRight";
				IPHONEOS_DEPLOYMENT_TARGET = 15.5;
				LD_RUNPATH_SEARCH_PATHS = (
					"$(inherited)",
					"@executable_path/Frameworks",
				);
				MARKETING_VERSION = 1.0;
				PRODUCT_BUNDLE_IDENTIFIER = com.pcminh0505.PirateWar;
				PRODUCT_NAME = PirateWar;
				SDKROOT = iphoneos;
				SWIFT_EMIT_LOC_STRINGS = YES;
				SWIFT_VERSION = 5.0;
				TARGETED_DEVICE_FAMILY = "1,2";
			};
			name = Debug;
		};
		24036E7128A2A2E300F54BBC /* Release */ = {
			isa = XCBuildConfiguration;
			buildSettings = {
				ASSETCATALOG_COMPILER_APPICON_NAME = AppIcon;
				ASSETCATALOG_COMPILER_GLOBAL_ACCENT_COLOR_NAME = AccentColor;
				CODE_SIGN_STYLE = Automatic;
				CURRENT_PROJECT_VERSION = 1;
				DEVELOPMENT_TEAM = Q4ZK4P569Q;
				ENABLE_PREVIEWS = YES;
				GENERATE_INFOPLIST_FILE = YES;
				INFOPLIST_KEY_UIApplicationSceneManifest_Generation = YES;
				INFOPLIST_KEY_UIApplicationSupportsIndirectInputEvents = YES;
				INFOPLIST_KEY_UILaunchScreen_Generation = YES;
				INFOPLIST_KEY_UISupportedInterfaceOrientations_iPad = "UIInterfaceOrientationPortrait UIInterfaceOrientationPortraitUpsideDown UIInterfaceOrientationLandscapeLeft UIInterfaceOrientationLandscapeRight";
				INFOPLIST_KEY_UISupportedInterfaceOrientations_iPhone = "UIInterfaceOrientationPortrait UIInterfaceOrientationLandscapeLeft UIInterfaceOrientationLandscapeRight";
				IPHONEOS_DEPLOYMENT_TARGET = 15.5;
				LD_RUNPATH_SEARCH_PATHS = (
					"$(inherited)",
					"@executable_path/Frameworks",
				);
				MARKETING_VERSION = 1.0;
				PRODUCT_BUNDLE_IDENTIFIER = com.pcminh0505.PirateWar;
				PRODUCT_NAME = PirateWar;
				SDKROOT = iphoneos;
				SWIFT_EMIT_LOC_STRINGS = YES;
				SWIFT_VERSION = 5.0;
				TARGETED_DEVICE_FAMILY = "1,2";
				VALIDATE_PRODUCT = YES;
			};
			name = Release;
		};
		24036E7328A2A2E300F54BBC /* Debug */ = {
			isa = XCBuildConfiguration;
			buildSettings = {
				ASSETCATALOG_COMPILER_APPICON_NAME = AppIcon;
				ASSETCATALOG_COMPILER_GLOBAL_ACCENT_COLOR_NAME = AccentColor;
				CODE_SIGN_ENTITLEMENTS = macOS/macOS.entitlements;
				CODE_SIGN_STYLE = Automatic;
				COMBINE_HIDPI_IMAGES = YES;
				CURRENT_PROJECT_VERSION = 1;
				DEVELOPMENT_TEAM = Q4ZK4P569Q;
				ENABLE_HARDENED_RUNTIME = YES;
				ENABLE_PREVIEWS = YES;
				GENERATE_INFOPLIST_FILE = YES;
				INFOPLIST_KEY_NSHumanReadableCopyright = "";
				LD_RUNPATH_SEARCH_PATHS = (
					"$(inherited)",
					"@executable_path/../Frameworks",
				);
				MACOSX_DEPLOYMENT_TARGET = 12.3;
				MARKETING_VERSION = 1.0;
				PRODUCT_BUNDLE_IDENTIFIER = com.pcminh0505.PirateWar;
				PRODUCT_NAME = PirateWar;
				SDKROOT = macosx;
				SWIFT_EMIT_LOC_STRINGS = YES;
				SWIFT_VERSION = 5.0;
			};
			name = Debug;
		};
		24036E7428A2A2E300F54BBC /* Release */ = {
			isa = XCBuildConfiguration;
			buildSettings = {
				ASSETCATALOG_COMPILER_APPICON_NAME = AppIcon;
				ASSETCATALOG_COMPILER_GLOBAL_ACCENT_COLOR_NAME = AccentColor;
				CODE_SIGN_ENTITLEMENTS = macOS/macOS.entitlements;
				CODE_SIGN_STYLE = Automatic;
				COMBINE_HIDPI_IMAGES = YES;
				CURRENT_PROJECT_VERSION = 1;
				DEVELOPMENT_TEAM = Q4ZK4P569Q;
				ENABLE_HARDENED_RUNTIME = YES;
				ENABLE_PREVIEWS = YES;
				GENERATE_INFOPLIST_FILE = YES;
				INFOPLIST_KEY_NSHumanReadableCopyright = "";
				LD_RUNPATH_SEARCH_PATHS = (
					"$(inherited)",
					"@executable_path/../Frameworks",
				);
				MACOSX_DEPLOYMENT_TARGET = 12.3;
				MARKETING_VERSION = 1.0;
				PRODUCT_BUNDLE_IDENTIFIER = com.pcminh0505.PirateWar;
				PRODUCT_NAME = PirateWar;
				SDKROOT = macosx;
				SWIFT_EMIT_LOC_STRINGS = YES;
				SWIFT_VERSION = 5.0;
			};
			name = Release;
		};
/* End XCBuildConfiguration section */

/* Begin XCConfigurationList section */
		24036E5528A2A2E200F54BBC /* Build configuration list for PBXProject "PirateWar" */ = {
			isa = XCConfigurationList;
			buildConfigurations = (
				24036E6D28A2A2E300F54BBC /* Debug */,
				24036E6E28A2A2E300F54BBC /* Release */,
			);
			defaultConfigurationIsVisible = 0;
			defaultConfigurationName = Release;
		};
		24036E6F28A2A2E300F54BBC /* Build configuration list for PBXNativeTarget "PirateWar (iOS)" */ = {
			isa = XCConfigurationList;
			buildConfigurations = (
				24036E7028A2A2E300F54BBC /* Debug */,
				24036E7128A2A2E300F54BBC /* Release */,
			);
			defaultConfigurationIsVisible = 0;
			defaultConfigurationName = Release;
		};
		24036E7228A2A2E300F54BBC /* Build configuration list for PBXNativeTarget "PirateWar (macOS)" */ = {
			isa = XCConfigurationList;
			buildConfigurations = (
				24036E7328A2A2E300F54BBC /* Debug */,
				24036E7428A2A2E300F54BBC /* Release */,
			);
			defaultConfigurationIsVisible = 0;
			defaultConfigurationName = Release;
		};
/* End XCConfigurationList section */

/* Begin XCRemoteSwiftPackageReference section */
		24036E8C28A2A59E00F54BBC /* XCRemoteSwiftPackageReference "lottie-ios" */ = {
			isa = XCRemoteSwiftPackageReference;
			repositoryURL = "https://github.com/airbnb/lottie-ios";
			requirement = {
				branch = master;
				kind = branch;
			};
		};
		24036E8F28A2A5A800F54BBC /* XCRemoteSwiftPackageReference "lottie-ios" */ = {
			isa = XCRemoteSwiftPackageReference;
			repositoryURL = "https://github.com/airbnb/lottie-ios";
			requirement = {
				branch = master;
				kind = branch;
			};
		};
/* End XCRemoteSwiftPackageReference section */

/* Begin XCSwiftPackageProductDependency section */
		24036E8D28A2A59E00F54BBC /* Lottie */ = {
			isa = XCSwiftPackageProductDependency;
			package = 24036E8C28A2A59E00F54BBC /* XCRemoteSwiftPackageReference "lottie-ios" */;
			productName = Lottie;
		};
		24036E9028A2A5A800F54BBC /* Lottie */ = {
			isa = XCSwiftPackageProductDependency;
			package = 24036E8C28A2A59E00F54BBC /* XCRemoteSwiftPackageReference "lottie-ios" */;
			productName = Lottie;
		};
/* End XCSwiftPackageProductDependency section */
	};
	rootObject = 24036E5228A2A2E200F54BBC /* Project object */;
}
